
Microsoft Visual Studio Solution File, Format Version 12.00
# Visual Studio Version 16
VisualStudioVersion = 16.0.30717.126
MinimumVisualStudioVersion = 10.0.40219.1
Project("{FAE04EC0-301F-11D3-BF4B-00C04F79EFBC}") = "Ikolen.Android", "Ikolen\Ikolen.Android\Ikolen.Android.csproj", "{AD99C41B-5556-47E1-AAB1-06AC90ABEE02}"
EndProject
Project("{FAE04EC0-301F-11D3-BF4B-00C04F79EFBC}") = "Ikolen", "Ikolen\Ikolen\Ikolen.csproj", "{9323826A-5219-4A26-8C9D-A0ECA9000F97}"
EndProject
Global
	GlobalSection(SolutionConfigurationPlatforms) = preSolution
		Debug|Any CPU = Debug|Any CPU
		Release|Any CPU = Release|Any CPU
	EndGlobalSection
	GlobalSection(ProjectConfigurationPlatforms) = postSolution
		{AD99C41B-5556-47E1-AAB1-06AC90ABEE02}.Debug|Any CPU.ActiveCfg = Debug|Any CPU
		{AD99C41B-5556-47E1-AAB1-06AC90ABEE02}.Debug|Any CPU.Build.0 = Debug|Any CPU
		{AD99C41B-5556-47E1-AAB1-06AC90ABEE02}.Debug|Any CPU.Deploy.0 = Debug|Any CPU
		{AD99C41B-5556-47E1-AAB1-06AC90ABEE02}.Release|Any CPU.ActiveCfg = Release|Any CPU
		{AD99C41B-5556-47E1-AAB1-06AC90ABEE02}.Release|Any CPU.Build.0 = Release|Any CPU
		{AD99C41B-5556-47E1-AAB1-06AC90ABEE02}.Release|Any CPU.Deploy.0 = Release|Any CPU
		{9323826A-5219-4A26-8C9D-A0ECA9000F97}.Debug|Any CPU.ActiveCfg = Debug|Any CPU
		{9323826A-5219-4A26-8C9D-A0ECA9000F97}.Debug|Any CPU.Build.0 = Debug|Any CPU
		{9323826A-5219-4A26-8C9D-A0ECA9000F97}.Debug|Any CPU.Deploy.0 = Debug|Any CPU
		{9323826A-5219-4A26-8C9D-A0ECA9000F97}.Release|Any CPU.ActiveCfg = Release|Any CPU
		{9323826A-5219-4A26-8C9D-A0ECA9000F97}.Release|Any CPU.Build.0 = Release|Any CPU
		{9323826A-5219-4A26-8C9D-A0ECA9000F97}.Release|Any CPU.Deploy.0 = Release|Any CPU
	EndGlobalSection
	GlobalSection(SolutionProperties) = preSolution
		HideSolutionNode = FALSE
	EndGlobalSection
	GlobalSection(ExtensibilityGlobals) = postSolution
		SolutionGuid = {08B068F3-5EDE-4574-9FA1-AE1CB36B9443}
	EndGlobalSection
EndGlobal
